
Microsoft Visual Studio Solution File, Format Version 12.00
# Visual Studio Version 17
VisualStudioVersion = 17.0.31903.59
MinimumVisualStudioVersion = 10.0.40219.1
Project("{FAE04EC0-301F-11D3-BF4B-00C04F79EFBC}") = "TECNM.Practica2.Core", "TECNM.Practica2.Core\TECNM.Practica2.Core.csproj", "{31EFB1B4-FF73-4EB9-B229-AA244FF00D48}"
EndProject
Project("{FAE04EC0-301F-11D3-BF4B-00C04F79EFBC}") = "TECNM.Practica2.App", "TECNM.Practica2.App\TECNM.Practica2.App.csproj", "{DE2B9EC7-EB3D-4DF7-BD2F-CD0DBF9E4887}"
EndProject
Global
	GlobalSection(SolutionConfigurationPlatforms) = preSolution
		Debug|Any CPU = Debug|Any CPU
		Release|Any CPU = Release|Any CPU
	EndGlobalSection
	GlobalSection(SolutionProperties) = preSolution
		HideSolutionNode = FALSE
	EndGlobalSection
	GlobalSection(ProjectConfigurationPlatforms) = postSolution
		{31EFB1B4-FF73-4EB9-B229-AA244FF00D48}.Debug|Any CPU.ActiveCfg = Debug|Any CPU
		{31EFB1B4-FF73-4EB9-B229-AA244FF00D48}.Debug|Any CPU.Build.0 = Debug|Any CPU
		{31EFB1B4-FF73-4EB9-B229-AA244FF00D48}.Release|Any CPU.ActiveCfg = Release|Any CPU
		{31EFB1B4-FF73-4EB9-B229-AA244FF00D48}.Release|Any CPU.Build.0 = Release|Any CPU
		{DE2B9EC7-EB3D-4DF7-BD2F-CD0DBF9E4887}.Debug|Any CPU.ActiveCfg = Debug|Any CPU
		{DE2B9EC7-EB3D-4DF7-BD2F-CD0DBF9E4887}.Debug|Any CPU.Build.0 = Debug|Any CPU
		{DE2B9EC7-EB3D-4DF7-BD2F-CD0DBF9E4887}.Release|Any CPU.ActiveCfg = Release|Any CPU
		{DE2B9EC7-EB3D-4DF7-BD2F-CD0DBF9E4887}.Release|Any CPU.Build.0 = Release|Any CPU
	EndGlobalSection
EndGlobal
